
Microsoft Visual Studio Solution File, Format Version 12.00
# Visual Studio Version 17
VisualStudioVersion = 17.7.34009.444
MinimumVisualStudioVersion = 10.0.40219.1
Project("{FAE04EC0-301F-11D3-BF4B-00C04F79EFBC}") = "DrawMachine", "DrawMachine.csproj", "{03E68E1F-7381-4B31-8B65-F45C11FE74CC}"
EndProject
Global
	GlobalSection(SolutionConfigurationPlatforms) = preSolution
		Debug|Any CPU = Debug|Any CPU
		Release|Any CPU = Release|Any CPU
	EndGlobalSection
	GlobalSection(ProjectConfigurationPlatforms) = postSolution
		{03E68E1F-7381-4B31-8B65-F45C11FE74CC}.Debug|Any CPU.ActiveCfg = Debug|Any CPU
		{03E68E1F-7381-4B31-8B65-F45C11FE74CC}.Debug|Any CPU.Build.0 = Debug|Any CPU
		{03E68E1F-7381-4B31-8B65-F45C11FE74CC}.Release|Any CPU.ActiveCfg = Release|Any CPU
		{03E68E1F-7381-4B31-8B65-F45C11FE74CC}.Release|Any CPU.Build.0 = Release|Any CPU
	EndGlobalSection
	GlobalSection(SolutionProperties) = preSolution
		HideSolutionNode = FALSE
	EndGlobalSection
	GlobalSection(ExtensibilityGlobals) = postSolution
		SolutionGuid = {FB487D45-46D8-4B99-8210-258241A4E517}
	EndGlobalSection
EndGlobal
