
Microsoft Visual Studio Solution File, Format Version 12.00
# Visual Studio Version 17
VisualStudioVersion = 17.7.34024.191
MinimumVisualStudioVersion = 10.0.40219.1
Project("{FAE04EC0-301F-11D3-BF4B-00C04F79EFBC}") = "NaverCafeCommentDrawingMachine", "NaverCafeCommentDrawingMachine.csproj", "{335DA335-B69C-4D0F-902E-7BB94D8A5DF4}"
EndProject
Global
	GlobalSection(SolutionConfigurationPlatforms) = preSolution
		Debug|Any CPU = Debug|Any CPU
		Release|Any CPU = Release|Any CPU
	EndGlobalSection
	GlobalSection(ProjectConfigurationPlatforms) = postSolution
		{335DA335-B69C-4D0F-902E-7BB94D8A5DF4}.Debug|Any CPU.ActiveCfg = Debug|Any CPU
		{335DA335-B69C-4D0F-902E-7BB94D8A5DF4}.Debug|Any CPU.Build.0 = Debug|Any CPU
		{335DA335-B69C-4D0F-902E-7BB94D8A5DF4}.Release|Any CPU.ActiveCfg = Release|Any CPU
		{335DA335-B69C-4D0F-902E-7BB94D8A5DF4}.Release|Any CPU.Build.0 = Release|Any CPU
	EndGlobalSection
	GlobalSection(SolutionProperties) = preSolution
		HideSolutionNode = FALSE
	EndGlobalSection
	GlobalSection(ExtensibilityGlobals) = postSolution
		SolutionGuid = {9C6A5850-3E81-4A7F-BA5B-209DE28FF136}
	EndGlobalSection
EndGlobal
